// !$*UTF8*$!
{
	archiveVersion = 1;
	classes = {
	};
	objectVersion = 56;
	objects = {

/* Begin PBXBuildFile section */
		740287AF2C1621D400F3788D /* AppDelegate.swift in Sources */ = {isa = PBXBuildFile; fileRef = 740287AE2C1621D400F3788D /* AppDelegate.swift */; };
		740287B12C1621D400F3788D /* SceneDelegate.swift in Sources */ = {isa = PBXBuildFile; fileRef = 740287B02C1621D400F3788D /* SceneDelegate.swift */; };
		740287B82C1621D500F3788D /* Assets.xcassets in Resources */ = {isa = PBXBuildFile; fileRef = 740287B72C1621D500F3788D /* Assets.xcassets */; };
		740287C62C1621D500F3788D /* SkyScrapperTests.swift in Sources */ = {isa = PBXBuildFile; fileRef = 740287C52C1621D500F3788D /* SkyScrapperTests.swift */; };
		740287D02C1621D500F3788D /* SkyScrapperUITests.swift in Sources */ = {isa = PBXBuildFile; fileRef = 740287CF2C1621D500F3788D /* SkyScrapperUITests.swift */; };
		740287D22C1621D500F3788D /* SkyScrapperUITestsLaunchTests.swift in Sources */ = {isa = PBXBuildFile; fileRef = 740287D12C1621D500F3788D /* SkyScrapperUITestsLaunchTests.swift */; };
		740287E32C1640B600F3788D /* ColorExtension.swift in Sources */ = {isa = PBXBuildFile; fileRef = 740287E22C1640B600F3788D /* ColorExtension.swift */; };
		740287E62C16499200F3788D /* HomeViewController.swift in Sources */ = {isa = PBXBuildFile; fileRef = 740287E52C16499200F3788D /* HomeViewController.swift */; };
		740287E92C164EFB00F3788D /* SerpApi.swift in Sources */ = {isa = PBXBuildFile; fileRef = 740287E82C164EFB00F3788D /* SerpApi.swift */; };
		740287EB2C166C7600F3788D /* EndPoint.swift in Sources */ = {isa = PBXBuildFile; fileRef = 740287EA2C166C7600F3788D /* EndPoint.swift */; };
		740287ED2C166C8800F3788D /* NetworkService.swift in Sources */ = {isa = PBXBuildFile; fileRef = 740287EC2C166C8800F3788D /* NetworkService.swift */; };
		740287EF2C166C9700F3788D /* NetworkError.swift in Sources */ = {isa = PBXBuildFile; fileRef = 740287EE2C166C9700F3788D /* NetworkError.swift */; };
		740287F12C166CBE00F3788D /* RequestMethod.swift in Sources */ = {isa = PBXBuildFile; fileRef = 740287F02C166CBE00F3788D /* RequestMethod.swift */; };
		740287F42C1741B000F3788D /* SearchFlightsParameters.swift in Sources */ = {isa = PBXBuildFile; fileRef = 740287F32C1741B000F3788D /* SearchFlightsParameters.swift */; };
		740287F62C1741C800F3788D /* SerpApiManager.swift in Sources */ = {isa = PBXBuildFile; fileRef = 740287F52C1741C800F3788D /* SerpApiManager.swift */; };
		740287F82C174AB900F3788D /* FlightsModel.swift in Sources */ = {isa = PBXBuildFile; fileRef = 740287F72C174AB900F3788D /* FlightsModel.swift */; };
		740287FD2C1B707A00F3788D /* SearchHotelsParameters.swift in Sources */ = {isa = PBXBuildFile; fileRef = 740287FC2C1B707A00F3788D /* SearchHotelsParameters.swift */; };
		740287FF2C1B70BF00F3788D /* Ideas in Resources */ = {isa = PBXBuildFile; fileRef = 740287FE2C1B70BF00F3788D /* Ideas */; };
		740288032C1B9A6F00F3788D /* HotelsModel.swift in Sources */ = {isa = PBXBuildFile; fileRef = 740288022C1B9A6F00F3788D /* HotelsModel.swift */; };
		7402880D2C1B9E9600F3788D /* HomeCoordinator.swift in Sources */ = {isa = PBXBuildFile; fileRef = 7402880C2C1B9E9600F3788D /* HomeCoordinator.swift */; };
		740288122C1F449100F3788D /* Coordinator.swift in Sources */ = {isa = PBXBuildFile; fileRef = 740288112C1F449100F3788D /* Coordinator.swift */; };
		740288142C1F463500F3788D /* AppCoordinator.swift in Sources */ = {isa = PBXBuildFile; fileRef = 740288132C1F463500F3788D /* AppCoordinator.swift */; };
		7402881D2C20C10800F3788D /* HomeScreenViewModelTests.swift in Sources */ = {isa = PBXBuildFile; fileRef = 7402881C2C20C10800F3788D /* HomeScreenViewModelTests.swift */; };
		7402881F2C22443600F3788D /* MockSerpApiManager.swift in Sources */ = {isa = PBXBuildFile; fileRef = 7402881E2C22443600F3788D /* MockSerpApiManager.swift */; };
		740288222C24BE3F00F3788D /* GoogleFlightMock.json in Sources */ = {isa = PBXBuildFile; fileRef = 740288212C24BE3E00F3788D /* GoogleFlightMock.json */; };
		740288242C24BE6400F3788D /* GoogleHotelMock.json in Sources */ = {isa = PBXBuildFile; fileRef = 740288232C24BE6400F3788D /* GoogleHotelMock.json */; };
		740288262C27759B00F3788D /* GoogleFlightMock.json in Resources */ = {isa = PBXBuildFile; fileRef = 740287FA2C1A540B00F3788D /* GoogleFlightMock.json */; };
		740288272C27759B00F3788D /* GoogleHotelMock.json in Resources */ = {isa = PBXBuildFile; fileRef = 740288002C1B9A0900F3788D /* GoogleHotelMock.json */; };
		740288352C287F1C00F3788D /* SecretKeys.swift in Sources */ = {isa = PBXBuildFile; fileRef = 740288332C287F1C00F3788D /* SecretKeys.swift */; };
		740288362C287F1C00F3788D /* sskeys.yml in Resources */ = {isa = PBXBuildFile; fileRef = 740288342C287F1C00F3788D /* sskeys.yml */; };
		74460B8C2CFC81A900B6A857 /* google-countries .json in Resources */ = {isa = PBXBuildFile; fileRef = 74460B8B2CFC81A800B6A857 /* google-countries .json */; };
		74460B8E2CFCAAF700B6A857 /* google-travel-currencies.json in Resources */ = {isa = PBXBuildFile; fileRef = 74460B8D2CFCAAF700B6A857 /* google-travel-currencies.json */; };
		74460B902CFCAAFD00B6A857 /* google-languages.json in Resources */ = {isa = PBXBuildFile; fileRef = 74460B8F2CFCAAFD00B6A857 /* google-languages.json */; };
		74460B942CFCC02C00B6A857 /* HomeViewModel.swift in Sources */ = {isa = PBXBuildFile; fileRef = 74460B932CFCC02C00B6A857 /* HomeViewModel.swift */; };
		746293C82DB3CF8F007C566C /* CalendarComponent.swift in Sources */ = {isa = PBXBuildFile; fileRef = 746293C72DB3CF80007C566C /* CalendarComponent.swift */; };
		746293CA2DB5685D007C566C /* StringExtension.swift in Sources */ = {isa = PBXBuildFile; fileRef = 746293C92DB56851007C566C /* StringExtension.swift */; };
		74657BF32D5187F600116CBE /* UIViewControllerExtension.swift in Sources */ = {isa = PBXBuildFile; fileRef = 74657BF22D5187F600116CBE /* UIViewControllerExtension.swift */; };
		74657BF62D54149400116CBE /* CalendarViewController.swift in Sources */ = {isa = PBXBuildFile; fileRef = 74657BF52D54148100116CBE /* CalendarViewController.swift */; };
		74678C912D0650BE005955D1 /* airports.json in Resources */ = {isa = PBXBuildFile; fileRef = 74678C902D0650BE005955D1 /* airports.json */; };
		747804432D3D5BA100026A21 /* TabBarCoordinator.swift in Sources */ = {isa = PBXBuildFile; fileRef = 747804422D3D5BA100026A21 /* TabBarCoordinator.swift */; };
		747804452D3D5ED600026A21 /* SearchCoordinator.swift in Sources */ = {isa = PBXBuildFile; fileRef = 747804442D3D5ED600026A21 /* SearchCoordinator.swift */; };
		7478044C2D46B4BA00026A21 /* SearchFlightComponent.swift in Sources */ = {isa = PBXBuildFile; fileRef = 7478044B2D46B4BA00026A21 /* SearchFlightComponent.swift */; };
		7480A4942D0DE66300CCEF1D /* AirportTableViewCell.swift in Sources */ = {isa = PBXBuildFile; fileRef = 7480A4932D0DE66300CCEF1D /* AirportTableViewCell.swift */; };
		749617B62DBBD3F900B7D270 /* UIStackView+Extension.swift in Sources */ = {isa = PBXBuildFile; fileRef = 749617B52DBBD3EF00B7D270 /* UIStackView+Extension.swift */; };
/* End PBXBuildFile section */

/* Begin PBXContainerItemProxy section */
		740287C22C1621D500F3788D /* PBXContainerItemProxy */ = {
			isa = PBXContainerItemProxy;
			containerPortal = 740287A32C1621D400F3788D /* Project object */;
			proxyType = 1;
			remoteGlobalIDString = 740287AA2C1621D400F3788D;
			remoteInfo = SkyScrapper;
		};
		740287CC2C1621D500F3788D /* PBXContainerItemProxy */ = {
			isa = PBXContainerItemProxy;
			containerPortal = 740287A32C1621D400F3788D /* Project object */;
			proxyType = 1;
			remoteGlobalIDString = 740287AA2C1621D400F3788D;
			remoteInfo = SkyScrapper;
		};
/* End PBXContainerItemProxy section */

/* Begin PBXFileReference section */
		740287AB2C1621D400F3788D /* SkyScrapper.app */ = {isa = PBXFileReference; explicitFileType = wrapper.application; includeInIndex = 0; path = SkyScrapper.app; sourceTree = BUILT_PRODUCTS_DIR; };
		740287AE2C1621D400F3788D /* AppDelegate.swift */ = {isa = PBXFileReference; lastKnownFileType = sourcecode.swift; path = AppDelegate.swift; sourceTree = "<group>"; };
		740287B02C1621D400F3788D /* SceneDelegate.swift */ = {isa = PBXFileReference; lastKnownFileType = sourcecode.swift; path = SceneDelegate.swift; sourceTree = "<group>"; };
		740287B72C1621D500F3788D /* Assets.xcassets */ = {isa = PBXFileReference; lastKnownFileType = folder.assetcatalog; path = Assets.xcassets; sourceTree = "<group>"; };
		740287BC2C1621D500F3788D /* Info.plist */ = {isa = PBXFileReference; lastKnownFileType = text.plist.xml; path = Info.plist; sourceTree = "<group>"; };
		740287C12C1621D500F3788D /* SkyScrapperTests.xctest */ = {isa = PBXFileReference; explicitFileType = wrapper.cfbundle; includeInIndex = 0; path = SkyScrapperTests.xctest; sourceTree = BUILT_PRODUCTS_DIR; };
		740287C52C1621D500F3788D /* SkyScrapperTests.swift */ = {isa = PBXFileReference; lastKnownFileType = sourcecode.swift; path = SkyScrapperTests.swift; sourceTree = "<group>"; };
		740287CB2C1621D500F3788D /* SkyScrapperUITests.xctest */ = {isa = PBXFileReference; explicitFileType = wrapper.cfbundle; includeInIndex = 0; path = SkyScrapperUITests.xctest; sourceTree = BUILT_PRODUCTS_DIR; };
		740287CF2C1621D500F3788D /* SkyScrapperUITests.swift */ = {isa = PBXFileReference; lastKnownFileType = sourcecode.swift; path = SkyScrapperUITests.swift; sourceTree = "<group>"; };
		740287D12C1621D500F3788D /* SkyScrapperUITestsLaunchTests.swift */ = {isa = PBXFileReference; lastKnownFileType = sourcecode.swift; path = SkyScrapperUITestsLaunchTests.swift; sourceTree = "<group>"; };
		740287E22C1640B600F3788D /* ColorExtension.swift */ = {isa = PBXFileReference; lastKnownFileType = sourcecode.swift; path = ColorExtension.swift; sourceTree = "<group>"; };
		740287E52C16499200F3788D /* HomeViewController.swift */ = {isa = PBXFileReference; lastKnownFileType = sourcecode.swift; path = HomeViewController.swift; sourceTree = "<group>"; };
		740287E82C164EFB00F3788D /* SerpApi.swift */ = {isa = PBXFileReference; lastKnownFileType = sourcecode.swift; path = SerpApi.swift; sourceTree = "<group>"; };
		740287EA2C166C7600F3788D /* EndPoint.swift */ = {isa = PBXFileReference; lastKnownFileType = sourcecode.swift; path = EndPoint.swift; sourceTree = "<group>"; };
		740287EC2C166C8800F3788D /* NetworkService.swift */ = {isa = PBXFileReference; lastKnownFileType = sourcecode.swift; path = NetworkService.swift; sourceTree = "<group>"; };
		740287EE2C166C9700F3788D /* NetworkError.swift */ = {isa = PBXFileReference; lastKnownFileType = sourcecode.swift; path = NetworkError.swift; sourceTree = "<group>"; };
		740287F02C166CBE00F3788D /* RequestMethod.swift */ = {isa = PBXFileReference; lastKnownFileType = sourcecode.swift; path = RequestMethod.swift; sourceTree = "<group>"; };
		740287F32C1741B000F3788D /* SearchFlightsParameters.swift */ = {isa = PBXFileReference; lastKnownFileType = sourcecode.swift; path = SearchFlightsParameters.swift; sourceTree = "<group>"; };
		740287F52C1741C800F3788D /* SerpApiManager.swift */ = {isa = PBXFileReference; lastKnownFileType = sourcecode.swift; path = SerpApiManager.swift; sourceTree = "<group>"; };
		740287F72C174AB900F3788D /* FlightsModel.swift */ = {isa = PBXFileReference; lastKnownFileType = sourcecode.swift; path = FlightsModel.swift; sourceTree = "<group>"; };
		740287FA2C1A540B00F3788D /* GoogleFlightMock.json */ = {isa = PBXFileReference; lastKnownFileType = text.json; path = GoogleFlightMock.json; sourceTree = "<group>"; };
		740287FC2C1B707A00F3788D /* SearchHotelsParameters.swift */ = {isa = PBXFileReference; lastKnownFileType = sourcecode.swift; path = SearchHotelsParameters.swift; sourceTree = "<group>"; };
		740287FE2C1B70BF00F3788D /* Ideas */ = {isa = PBXFileReference; lastKnownFileType = text; path = Ideas; sourceTree = "<group>"; };
		740288002C1B9A0900F3788D /* GoogleHotelMock.json */ = {isa = PBXFileReference; lastKnownFileType = text.json; path = GoogleHotelMock.json; sourceTree = "<group>"; };
		740288022C1B9A6F00F3788D /* HotelsModel.swift */ = {isa = PBXFileReference; lastKnownFileType = sourcecode.swift; path = HotelsModel.swift; sourceTree = "<group>"; };
		7402880C2C1B9E9600F3788D /* HomeCoordinator.swift */ = {isa = PBXFileReference; lastKnownFileType = sourcecode.swift; path = HomeCoordinator.swift; sourceTree = "<group>"; };
		740288112C1F449100F3788D /* Coordinator.swift */ = {isa = PBXFileReference; lastKnownFileType = sourcecode.swift; path = Coordinator.swift; sourceTree = "<group>"; };
		740288132C1F463500F3788D /* AppCoordinator.swift */ = {isa = PBXFileReference; lastKnownFileType = sourcecode.swift; path = AppCoordinator.swift; sourceTree = "<group>"; };
		7402881C2C20C10800F3788D /* HomeScreenViewModelTests.swift */ = {isa = PBXFileReference; lastKnownFileType = sourcecode.swift; path = HomeScreenViewModelTests.swift; sourceTree = "<group>"; };
		7402881E2C22443600F3788D /* MockSerpApiManager.swift */ = {isa = PBXFileReference; lastKnownFileType = sourcecode.swift; path = MockSerpApiManager.swift; sourceTree = "<group>"; };
		740288212C24BE3E00F3788D /* GoogleFlightMock.json */ = {isa = PBXFileReference; lastKnownFileType = text.json; path = GoogleFlightMock.json; sourceTree = "<group>"; };
		740288232C24BE6400F3788D /* GoogleHotelMock.json */ = {isa = PBXFileReference; lastKnownFileType = text.json; path = GoogleHotelMock.json; sourceTree = "<group>"; };
		740288332C287F1C00F3788D /* SecretKeys.swift */ = {isa = PBXFileReference; fileEncoding = 4; lastKnownFileType = sourcecode.swift; name = SecretKeys.swift; path = ../Desktop/SkyScrapper/SecretKeys.swift; sourceTree = "<group>"; };
		740288342C287F1C00F3788D /* sskeys.yml */ = {isa = PBXFileReference; fileEncoding = 4; lastKnownFileType = text.yaml; name = sskeys.yml; path = ../Desktop/SkyScrapper/sskeys.yml; sourceTree = "<group>"; };
		74460B8B2CFC81A800B6A857 /* google-countries .json */ = {isa = PBXFileReference; fileEncoding = 4; lastKnownFileType = text.json; name = "google-countries .json"; path = "../../../Downloads/google-countries .json"; sourceTree = "<group>"; };
		74460B8D2CFCAAF700B6A857 /* google-travel-currencies.json */ = {isa = PBXFileReference; fileEncoding = 4; lastKnownFileType = text.json; name = "google-travel-currencies.json"; path = "../../../Downloads/google-travel-currencies.json"; sourceTree = "<group>"; };
		74460B8F2CFCAAFD00B6A857 /* google-languages.json */ = {isa = PBXFileReference; fileEncoding = 4; lastKnownFileType = text.json; name = "google-languages.json"; path = "../../../Downloads/google-languages.json"; sourceTree = "<group>"; };
		74460B932CFCC02C00B6A857 /* HomeViewModel.swift */ = {isa = PBXFileReference; lastKnownFileType = sourcecode.swift; path = HomeViewModel.swift; sourceTree = "<group>"; };
		746293C72DB3CF80007C566C /* CalendarComponent.swift */ = {isa = PBXFileReference; lastKnownFileType = sourcecode.swift; path = CalendarComponent.swift; sourceTree = "<group>"; };
		746293C92DB56851007C566C /* StringExtension.swift */ = {isa = PBXFileReference; lastKnownFileType = sourcecode.swift; path = StringExtension.swift; sourceTree = "<group>"; };
		74657BF22D5187F600116CBE /* UIViewControllerExtension.swift */ = {isa = PBXFileReference; lastKnownFileType = sourcecode.swift; path = UIViewControllerExtension.swift; sourceTree = "<group>"; };
		74657BF52D54148100116CBE /* CalendarViewController.swift */ = {isa = PBXFileReference; lastKnownFileType = sourcecode.swift; path = CalendarViewController.swift; sourceTree = "<group>"; };
		74678C902D0650BE005955D1 /* airports.json */ = {isa = PBXFileReference; fileEncoding = 4; lastKnownFileType = text.json; name = airports.json; path = ../../../Desktop/airports.json; sourceTree = "<group>"; };
		747804422D3D5BA100026A21 /* TabBarCoordinator.swift */ = {isa = PBXFileReference; lastKnownFileType = sourcecode.swift; path = TabBarCoordinator.swift; sourceTree = "<group>"; };
		747804442D3D5ED600026A21 /* SearchCoordinator.swift */ = {isa = PBXFileReference; lastKnownFileType = sourcecode.swift; path = SearchCoordinator.swift; sourceTree = "<group>"; };
		7478044B2D46B4BA00026A21 /* SearchFlightComponent.swift */ = {isa = PBXFileReference; lastKnownFileType = sourcecode.swift; path = SearchFlightComponent.swift; sourceTree = "<group>"; };
		7480A4932D0DE66300CCEF1D /* AirportTableViewCell.swift */ = {isa = PBXFileReference; lastKnownFileType = sourcecode.swift; path = AirportTableViewCell.swift; sourceTree = "<group>"; };
		749617B52DBBD3EF00B7D270 /* UIStackView+Extension.swift */ = {isa = PBXFileReference; lastKnownFileType = sourcecode.swift; path = "UIStackView+Extension.swift"; sourceTree = "<group>"; };
/* End PBXFileReference section */

/* Begin PBXFrameworksBuildPhase section */
		740287A82C1621D400F3788D /* Frameworks */ = {
			isa = PBXFrameworksBuildPhase;
			buildActionMask = 2147483647;
			files = (
			);
			runOnlyForDeploymentPostprocessing = 0;
		};
		740287BE2C1621D500F3788D /* Frameworks */ = {
			isa = PBXFrameworksBuildPhase;
			buildActionMask = 2147483647;
			files = (
			);
			runOnlyForDeploymentPostprocessing = 0;
		};
		740287C82C1621D500F3788D /* Frameworks */ = {
			isa = PBXFrameworksBuildPhase;
			buildActionMask = 2147483647;
			files = (
			);
			runOnlyForDeploymentPostprocessing = 0;
		};
/* End PBXFrameworksBuildPhase section */

/* Begin PBXGroup section */
		740287A22C1621D400F3788D = {
			isa = PBXGroup;
			children = (
				740288332C287F1C00F3788D /* SecretKeys.swift */,
				740288342C287F1C00F3788D /* sskeys.yml */,
				740287AD2C1621D400F3788D /* SkyScrapper */,
				740287C42C1621D500F3788D /* SkyScrapperTests */,
				740287CE2C1621D500F3788D /* SkyScrapperUITests */,
				740287AC2C1621D400F3788D /* Products */,
			);
			sourceTree = "<group>";
		};
		740287AC2C1621D400F3788D /* Products */ = {
			isa = PBXGroup;
			children = (
				740287AB2C1621D400F3788D /* SkyScrapper.app */,
				740287C12C1621D500F3788D /* SkyScrapperTests.xctest */,
				740287CB2C1621D500F3788D /* SkyScrapperUITests.xctest */,
			);
			name = Products;
			sourceTree = "<group>";
		};
		740287AD2C1621D400F3788D /* SkyScrapper */ = {
			isa = PBXGroup;
			children = (
				74657BF42D54142E00116CBE /* App */,
				740287E72C164D8D00F3788D /* Network */,
				740287F22C173B2700F3788D /* API */,
				747804472D40273300026A21 /* SearchFlights */,
				747804462D40272900026A21 /* ExploreFlights */,
				740288102C1F447B00F3788D /* Navigation */,
				740287F92C1A53D900F3788D /* MockedReponses */,
				740287E12C16409600F3788D /* ExtensionsHelpers */,
				74460B882CFC817700B6A857 /* Resources */,
				740287B72C1621D500F3788D /* Assets.xcassets */,
				740287BC2C1621D500F3788D /* Info.plist */,
				740287FE2C1B70BF00F3788D /* Ideas */,
			);
			path = SkyScrapper;
			sourceTree = "<group>";
		};
		740287C42C1621D500F3788D /* SkyScrapperTests */ = {
			isa = PBXGroup;
			children = (
				7402881B2C20C0EB00F3788D /* ViewModelTests */,
				740287C52C1621D500F3788D /* SkyScrapperTests.swift */,
			);
			path = SkyScrapperTests;
			sourceTree = "<group>";
		};
		740287CE2C1621D500F3788D /* SkyScrapperUITests */ = {
			isa = PBXGroup;
			children = (
				740287CF2C1621D500F3788D /* SkyScrapperUITests.swift */,
				740287D12C1621D500F3788D /* SkyScrapperUITestsLaunchTests.swift */,
			);
			path = SkyScrapperUITests;
			sourceTree = "<group>";
		};
		740287E12C16409600F3788D /* ExtensionsHelpers */ = {
			isa = PBXGroup;
			children = (
				749617B52DBBD3EF00B7D270 /* UIStackView+Extension.swift */,
				746293C92DB56851007C566C /* StringExtension.swift */,
				74657BF22D5187F600116CBE /* UIViewControllerExtension.swift */,
				740287E22C1640B600F3788D /* ColorExtension.swift */,
			);
			path = ExtensionsHelpers;
			sourceTree = "<group>";
		};
		740287E42C16496F00F3788D /* HomeScreen */ = {
			isa = PBXGroup;
			children = (
				7478044A2D46B47800026A21 /* UIComponents */,
				740287E52C16499200F3788D /* HomeViewController.swift */,
				74460B932CFCC02C00B6A857 /* HomeViewModel.swift */,
				7402880C2C1B9E9600F3788D /* HomeCoordinator.swift */,
				7480A4932D0DE66300CCEF1D /* AirportTableViewCell.swift */,
			);
			path = HomeScreen;
			sourceTree = "<group>";
		};
		740287E72C164D8D00F3788D /* Network */ = {
			isa = PBXGroup;
			children = (
				740287EA2C166C7600F3788D /* EndPoint.swift */,
				740287EC2C166C8800F3788D /* NetworkService.swift */,
				740287EE2C166C9700F3788D /* NetworkError.swift */,
				740287F02C166CBE00F3788D /* RequestMethod.swift */,
			);
			path = Network;
			sourceTree = "<group>";
		};
		740287F22C173B2700F3788D /* API */ = {
			isa = PBXGroup;
			children = (
				740288082C1B9BA700F3788D /* Models */,
				740288072C1B9B9600F3788D /* Parameters */,
				740287E82C164EFB00F3788D /* SerpApi.swift */,
				740287F52C1741C800F3788D /* SerpApiManager.swift */,
			);
			path = API;
			sourceTree = "<group>";
		};
		740287F92C1A53D900F3788D /* MockedReponses */ = {
			isa = PBXGroup;
			children = (
				740287FA2C1A540B00F3788D /* GoogleFlightMock.json */,
				740288002C1B9A0900F3788D /* GoogleHotelMock.json */,
			);
			path = MockedReponses;
			sourceTree = "<group>";
		};
		740288072C1B9B9600F3788D /* Parameters */ = {
			isa = PBXGroup;
			children = (
				740287FC2C1B707A00F3788D /* SearchHotelsParameters.swift */,
				740287F32C1741B000F3788D /* SearchFlightsParameters.swift */,
			);
			path = Parameters;
			sourceTree = "<group>";
		};
		740288082C1B9BA700F3788D /* Models */ = {
			isa = PBXGroup;
			children = (
				740288022C1B9A6F00F3788D /* HotelsModel.swift */,
				740287F72C174AB900F3788D /* FlightsModel.swift */,
			);
			path = Models;
			sourceTree = "<group>";
		};
		740288102C1F447B00F3788D /* Navigation */ = {
			isa = PBXGroup;
			children = (
				747804422D3D5BA100026A21 /* TabBarCoordinator.swift */,
				740288112C1F449100F3788D /* Coordinator.swift */,
				740288132C1F463500F3788D /* AppCoordinator.swift */,
			);
			path = Navigation;
			sourceTree = "<group>";
		};
		7402881B2C20C0EB00F3788D /* ViewModelTests */ = {
			isa = PBXGroup;
			children = (
				740288202C24BE2200F3788D /* MockedResponses */,
				7402881C2C20C10800F3788D /* HomeScreenViewModelTests.swift */,
				7402881E2C22443600F3788D /* MockSerpApiManager.swift */,
			);
			path = ViewModelTests;
			sourceTree = "<group>";
		};
		740288202C24BE2200F3788D /* MockedResponses */ = {
			isa = PBXGroup;
			children = (
				740288212C24BE3E00F3788D /* GoogleFlightMock.json */,
				740288232C24BE6400F3788D /* GoogleHotelMock.json */,
			);
			path = MockedResponses;
			sourceTree = "<group>";
		};
		74460B882CFC817700B6A857 /* Resources */ = {
			isa = PBXGroup;
			children = (
				74678C902D0650BE005955D1 /* airports.json */,
				74460B8F2CFCAAFD00B6A857 /* google-languages.json */,
				74460B8D2CFCAAF700B6A857 /* google-travel-currencies.json */,
				74460B8B2CFC81A800B6A857 /* google-countries .json */,
			);
			path = Resources;
			sourceTree = "<group>";
		};
		74657BF42D54142E00116CBE /* App */ = {
			isa = PBXGroup;
			children = (
				740287B02C1621D400F3788D /* SceneDelegate.swift */,
				740287AE2C1621D400F3788D /* AppDelegate.swift */,
			);
			path = App;
			sourceTree = "<group>";
		};
		747804462D40272900026A21 /* ExploreFlights */ = {
			isa = PBXGroup;
			children = (
				747804442D3D5ED600026A21 /* SearchCoordinator.swift */,
			);
			path = ExploreFlights;
			sourceTree = "<group>";
		};
		747804472D40273300026A21 /* SearchFlights */ = {
			isa = PBXGroup;
			children = (
				740287E42C16496F00F3788D /* HomeScreen */,
			);
			path = SearchFlights;
			sourceTree = "<group>";
		};
		7478044A2D46B47800026A21 /* UIComponents */ = {
			isa = PBXGroup;
			children = (
				746293C72DB3CF80007C566C /* CalendarComponent.swift */,
				74657BF52D54148100116CBE /* CalendarViewController.swift */,
				7478044B2D46B4BA00026A21 /* SearchFlightComponent.swift */,
			);
			path = UIComponents;
			sourceTree = "<group>";
		};
/* End PBXGroup section */

/* Begin PBXNativeTarget section */
		740287AA2C1621D400F3788D /* SkyScrapper */ = {
			isa = PBXNativeTarget;
			buildConfigurationList = 740287D52C1621D500F3788D /* Build configuration list for PBXNativeTarget "SkyScrapper" */;
			buildPhases = (
				740287A72C1621D400F3788D /* Sources */,
				740287A82C1621D400F3788D /* Frameworks */,
				740287A92C1621D400F3788D /* Resources */,
			);
			buildRules = (
			);
			dependencies = (
			);
			name = SkyScrapper;
			productName = SkyScrapper;
			productReference = 740287AB2C1621D400F3788D /* SkyScrapper.app */;
			productType = "com.apple.product-type.application";
		};
		740287C02C1621D500F3788D /* SkyScrapperTests */ = {
			isa = PBXNativeTarget;
			buildConfigurationList = 740287D82C1621D500F3788D /* Build configuration list for PBXNativeTarget "SkyScrapperTests" */;
			buildPhases = (
				740287BD2C1621D500F3788D /* Sources */,
				740287BE2C1621D500F3788D /* Frameworks */,
				740287BF2C1621D500F3788D /* Resources */,
			);
			buildRules = (
			);
			dependencies = (
				740287C32C1621D500F3788D /* PBXTargetDependency */,
			);
			name = SkyScrapperTests;
			productName = SkyScrapperTests;
			productReference = 740287C12C1621D500F3788D /* SkyScrapperTests.xctest */;
			productType = "com.apple.product-type.bundle.unit-test";
		};
		740287CA2C1621D500F3788D /* SkyScrapperUITests */ = {
			isa = PBXNativeTarget;
			buildConfigurationList = 740287DB2C1621D500F3788D /* Build configuration list for PBXNativeTarget "SkyScrapperUITests" */;
			buildPhases = (
				740287C72C1621D500F3788D /* Sources */,
				740287C82C1621D500F3788D /* Frameworks */,
				740287C92C1621D500F3788D /* Resources */,
			);
			buildRules = (
			);
			dependencies = (
				740287CD2C1621D500F3788D /* PBXTargetDependency */,
			);
			name = SkyScrapperUITests;
			productName = SkyScrapperUITests;
			productReference = 740287CB2C1621D500F3788D /* SkyScrapperUITests.xctest */;
			productType = "com.apple.product-type.bundle.ui-testing";
		};
/* End PBXNativeTarget section */

/* Begin PBXProject section */
		740287A32C1621D400F3788D /* Project object */ = {
			isa = PBXProject;
			attributes = {
				BuildIndependentTargetsInParallel = 1;
				LastSwiftUpdateCheck = 1520;
				LastUpgradeCheck = 1520;
				TargetAttributes = {
					740287AA2C1621D400F3788D = {
						CreatedOnToolsVersion = 15.2;
					};
					740287C02C1621D500F3788D = {
						CreatedOnToolsVersion = 15.2;
						TestTargetID = 740287AA2C1621D400F3788D;
					};
					740287CA2C1621D500F3788D = {
						CreatedOnToolsVersion = 15.2;
						TestTargetID = 740287AA2C1621D400F3788D;
					};
				};
			};
			buildConfigurationList = 740287A62C1621D400F3788D /* Build configuration list for PBXProject "SkyScrapper" */;
			compatibilityVersion = "Xcode 14.0";
			developmentRegion = en;
			hasScannedForEncodings = 0;
			knownRegions = (
				en,
				Base,
			);
			mainGroup = 740287A22C1621D400F3788D;
			productRefGroup = 740287AC2C1621D400F3788D /* Products */;
			projectDirPath = "";
			projectRoot = "";
			targets = (
				740287AA2C1621D400F3788D /* SkyScrapper */,
				740287C02C1621D500F3788D /* SkyScrapperTests */,
				740287CA2C1621D500F3788D /* SkyScrapperUITests */,
			);
		};
/* End PBXProject section */

/* Begin PBXResourcesBuildPhase section */
		740287A92C1621D400F3788D /* Resources */ = {
			isa = PBXResourcesBuildPhase;
			buildActionMask = 2147483647;
			files = (
				740288362C287F1C00F3788D /* sskeys.yml in Resources */,
				740288262C27759B00F3788D /* GoogleFlightMock.json in Resources */,
				740288272C27759B00F3788D /* GoogleHotelMock.json in Resources */,
				74460B8E2CFCAAF700B6A857 /* google-travel-currencies.json in Resources */,
				740287B82C1621D500F3788D /* Assets.xcassets in Resources */,
				740287FF2C1B70BF00F3788D /* Ideas in Resources */,
				74460B902CFCAAFD00B6A857 /* google-languages.json in Resources */,
				74460B8C2CFC81A900B6A857 /* google-countries .json in Resources */,
				74678C912D0650BE005955D1 /* airports.json in Resources */,
			);
			runOnlyForDeploymentPostprocessing = 0;
		};
		740287BF2C1621D500F3788D /* Resources */ = {
			isa = PBXResourcesBuildPhase;
			buildActionMask = 2147483647;
			files = (
			);
			runOnlyForDeploymentPostprocessing = 0;
		};
		740287C92C1621D500F3788D /* Resources */ = {
			isa = PBXResourcesBuildPhase;
			buildActionMask = 2147483647;
			files = (
			);
			runOnlyForDeploymentPostprocessing = 0;
		};
/* End PBXResourcesBuildPhase section */

/* Begin PBXSourcesBuildPhase section */
		740287A72C1621D400F3788D /* Sources */ = {
			isa = PBXSourcesBuildPhase;
			buildActionMask = 2147483647;
			files = (
				740288032C1B9A6F00F3788D /* HotelsModel.swift in Sources */,
				749617B62DBBD3F900B7D270 /* UIStackView+Extension.swift in Sources */,
				740287FD2C1B707A00F3788D /* SearchHotelsParameters.swift in Sources */,
				74460B942CFCC02C00B6A857 /* HomeViewModel.swift in Sources */,
				747804452D3D5ED600026A21 /* SearchCoordinator.swift in Sources */,
				747804432D3D5BA100026A21 /* TabBarCoordinator.swift in Sources */,
				746293CA2DB5685D007C566C /* StringExtension.swift in Sources */,
				74657BF62D54149400116CBE /* CalendarViewController.swift in Sources */,
				740287ED2C166C8800F3788D /* NetworkService.swift in Sources */,
				7478044C2D46B4BA00026A21 /* SearchFlightComponent.swift in Sources */,
				740287F62C1741C800F3788D /* SerpApiManager.swift in Sources */,
				740288142C1F463500F3788D /* AppCoordinator.swift in Sources */,
				740288122C1F449100F3788D /* Coordinator.swift in Sources */,
				740287EB2C166C7600F3788D /* EndPoint.swift in Sources */,
				740287AF2C1621D400F3788D /* AppDelegate.swift in Sources */,
				740287B12C1621D400F3788D /* SceneDelegate.swift in Sources */,
				74657BF32D5187F600116CBE /* UIViewControllerExtension.swift in Sources */,
				740287F12C166CBE00F3788D /* RequestMethod.swift in Sources */,
				7480A4942D0DE66300CCEF1D /* AirportTableViewCell.swift in Sources */,
				740287E32C1640B600F3788D /* ColorExtension.swift in Sources */,
				740287E62C16499200F3788D /* HomeViewController.swift in Sources */,
				740287E92C164EFB00F3788D /* SerpApi.swift in Sources */,
				740287EF2C166C9700F3788D /* NetworkError.swift in Sources */,
				740287F42C1741B000F3788D /* SearchFlightsParameters.swift in Sources */,
				7402880D2C1B9E9600F3788D /* HomeCoordinator.swift in Sources */,
				740287F82C174AB900F3788D /* FlightsModel.swift in Sources */,
				740288352C287F1C00F3788D /* SecretKeys.swift in Sources */,
				746293C82DB3CF8F007C566C /* CalendarComponent.swift in Sources */,
			);
			runOnlyForDeploymentPostprocessing = 0;
		};
		740287BD2C1621D500F3788D /* Sources */ = {
			isa = PBXSourcesBuildPhase;
			buildActionMask = 2147483647;
			files = (
				740287C62C1621D500F3788D /* SkyScrapperTests.swift in Sources */,
				740288242C24BE6400F3788D /* GoogleHotelMock.json in Sources */,
				7402881F2C22443600F3788D /* MockSerpApiManager.swift in Sources */,
				740288222C24BE3F00F3788D /* GoogleFlightMock.json in Sources */,
				7402881D2C20C10800F3788D /* HomeScreenViewModelTests.swift in Sources */,
			);
			runOnlyForDeploymentPostprocessing = 0;
		};
		740287C72C1621D500F3788D /* Sources */ = {
			isa = PBXSourcesBuildPhase;
			buildActionMask = 2147483647;
			files = (
				740287D22C1621D500F3788D /* SkyScrapperUITestsLaunchTests.swift in Sources */,
				740287D02C1621D500F3788D /* SkyScrapperUITests.swift in Sources */,
			);
			runOnlyForDeploymentPostprocessing = 0;
		};
/* End PBXSourcesBuildPhase section */

/* Begin PBXTargetDependency section */
		740287C32C1621D500F3788D /* PBXTargetDependency */ = {
			isa = PBXTargetDependency;
			target = 740287AA2C1621D400F3788D /* SkyScrapper */;
			targetProxy = 740287C22C1621D500F3788D /* PBXContainerItemProxy */;
		};
		740287CD2C1621D500F3788D /* PBXTargetDependency */ = {
			isa = PBXTargetDependency;
			target = 740287AA2C1621D400F3788D /* SkyScrapper */;
			targetProxy = 740287CC2C1621D500F3788D /* PBXContainerItemProxy */;
		};
/* End PBXTargetDependency section */

/* Begin XCBuildConfiguration section */
		740287D32C1621D500F3788D /* Debug */ = {
			isa = XCBuildConfiguration;
			buildSettings = {
				ALWAYS_SEARCH_USER_PATHS = NO;
				ASSETCATALOG_COMPILER_GENERATE_SWIFT_ASSET_SYMBOL_EXTENSIONS = YES;
				CLANG_ANALYZER_NONNULL = YES;
				CLANG_ANALYZER_NUMBER_OBJECT_CONVERSION = YES_AGGRESSIVE;
				CLANG_CXX_LANGUAGE_STANDARD = "gnu++20";
				CLANG_ENABLE_MODULES = YES;
				CLANG_ENABLE_OBJC_ARC = YES;
				CLANG_ENABLE_OBJC_WEAK = YES;
				CLANG_WARN_BLOCK_CAPTURE_AUTORELEASING = YES;
				CLANG_WARN_BOOL_CONVERSION = YES;
				CLANG_WARN_COMMA = YES;
				CLANG_WARN_CONSTANT_CONVERSION = YES;
				CLANG_WARN_DEPRECATED_OBJC_IMPLEMENTATIONS = YES;
				CLANG_WARN_DIRECT_OBJC_ISA_USAGE = YES_ERROR;
				CLANG_WARN_DOCUMENTATION_COMMENTS = YES;
				CLANG_WARN_EMPTY_BODY = YES;
				CLANG_WARN_ENUM_CONVERSION = YES;
				CLANG_WARN_INFINITE_RECURSION = YES;
				CLANG_WARN_INT_CONVERSION = YES;
				CLANG_WARN_NON_LITERAL_NULL_CONVERSION = YES;
				CLANG_WARN_OBJC_IMPLICIT_RETAIN_SELF = YES;
				CLANG_WARN_OBJC_LITERAL_CONVERSION = YES;
				CLANG_WARN_OBJC_ROOT_CLASS = YES_ERROR;
				CLANG_WARN_QUOTED_INCLUDE_IN_FRAMEWORK_HEADER = YES;
				CLANG_WARN_RANGE_LOOP_ANALYSIS = YES;
				CLANG_WARN_STRICT_PROTOTYPES = YES;
				CLANG_WARN_SUSPICIOUS_MOVE = YES;
				CLANG_WARN_UNGUARDED_AVAILABILITY = YES_AGGRESSIVE;
				CLANG_WARN_UNREACHABLE_CODE = YES;
				CLANG_WARN__DUPLICATE_METHOD_MATCH = YES;
				COPY_PHASE_STRIP = NO;
				DEBUG_INFORMATION_FORMAT = dwarf;
				ENABLE_STRICT_OBJC_MSGSEND = YES;
				ENABLE_TESTABILITY = YES;
				ENABLE_USER_SCRIPT_SANDBOXING = YES;
				GCC_C_LANGUAGE_STANDARD = gnu17;
				GCC_DYNAMIC_NO_PIC = NO;
				GCC_NO_COMMON_BLOCKS = YES;
				GCC_OPTIMIZATION_LEVEL = 0;
				GCC_PREPROCESSOR_DEFINITIONS = (
					"DEBUG=1",
					"$(inherited)",
				);
				GCC_WARN_64_TO_32_BIT_CONVERSION = YES;
				GCC_WARN_ABOUT_RETURN_TYPE = YES_ERROR;
				GCC_WARN_UNDECLARED_SELECTOR = YES;
				GCC_WARN_UNINITIALIZED_AUTOS = YES_AGGRESSIVE;
				GCC_WARN_UNUSED_FUNCTION = YES;
				GCC_WARN_UNUSED_VARIABLE = YES;
				IPHONEOS_DEPLOYMENT_TARGET = 17.2;
				LOCALIZATION_PREFERS_STRING_CATALOGS = YES;
				MTL_ENABLE_DEBUG_INFO = INCLUDE_SOURCE;
				MTL_FAST_MATH = YES;
				ONLY_ACTIVE_ARCH = YES;
				SDKROOT = iphoneos;
				SWIFT_ACTIVE_COMPILATION_CONDITIONS = "DEBUG $(inherited)";
				SWIFT_OPTIMIZATION_LEVEL = "-Onone";
			};
			name = Debug;
		};
		740287D42C1621D500F3788D /* Release */ = {
			isa = XCBuildConfiguration;
			buildSettings = {
				ALWAYS_SEARCH_USER_PATHS = NO;
				ASSETCATALOG_COMPILER_GENERATE_SWIFT_ASSET_SYMBOL_EXTENSIONS = YES;
				CLANG_ANALYZER_NONNULL = YES;
				CLANG_ANALYZER_NUMBER_OBJECT_CONVERSION = YES_AGGRESSIVE;
				CLANG_CXX_LANGUAGE_STANDARD = "gnu++20";
				CLANG_ENABLE_MODULES = YES;
				CLANG_ENABLE_OBJC_ARC = YES;
				CLANG_ENABLE_OBJC_WEAK = YES;
				CLANG_WARN_BLOCK_CAPTURE_AUTORELEASING = YES;
				CLANG_WARN_BOOL_CONVERSION = YES;
				CLANG_WARN_COMMA = YES;
				CLANG_WARN_CONSTANT_CONVERSION = YES;
				CLANG_WARN_DEPRECATED_OBJC_IMPLEMENTATIONS = YES;
				CLANG_WARN_DIRECT_OBJC_ISA_USAGE = YES_ERROR;
				CLANG_WARN_DOCUMENTATION_COMMENTS = YES;
				CLANG_WARN_EMPTY_BODY = YES;
				CLANG_WARN_ENUM_CONVERSION = YES;
				CLANG_WARN_INFINITE_RECURSION = YES;
				CLANG_WARN_INT_CONVERSION = YES;
				CLANG_WARN_NON_LITERAL_NULL_CONVERSION = YES;
				CLANG_WARN_OBJC_IMPLICIT_RETAIN_SELF = YES;
				CLANG_WARN_OBJC_LITERAL_CONVERSION = YES;
				CLANG_WARN_OBJC_ROOT_CLASS = YES_ERROR;
				CLANG_WARN_QUOTED_INCLUDE_IN_FRAMEWORK_HEADER = YES;
				CLANG_WARN_RANGE_LOOP_ANALYSIS = YES;
				CLANG_WARN_STRICT_PROTOTYPES = YES;
				CLANG_WARN_SUSPICIOUS_MOVE = YES;
				CLANG_WARN_UNGUARDED_AVAILABILITY = YES_AGGRESSIVE;
				CLANG_WARN_UNREACHABLE_CODE = YES;
				CLANG_WARN__DUPLICATE_METHOD_MATCH = YES;
				COPY_PHASE_STRIP = NO;
				DEBUG_INFORMATION_FORMAT = "dwarf-with-dsym";
				ENABLE_NS_ASSERTIONS = NO;
				ENABLE_STRICT_OBJC_MSGSEND = YES;
				ENABLE_USER_SCRIPT_SANDBOXING = YES;
				GCC_C_LANGUAGE_STANDARD = gnu17;
				GCC_NO_COMMON_BLOCKS = YES;
				GCC_WARN_64_TO_32_BIT_CONVERSION = YES;
				GCC_WARN_ABOUT_RETURN_TYPE = YES_ERROR;
				GCC_WARN_UNDECLARED_SELECTOR = YES;
				GCC_WARN_UNINITIALIZED_AUTOS = YES_AGGRESSIVE;
				GCC_WARN_UNUSED_FUNCTION = YES;
				GCC_WARN_UNUSED_VARIABLE = YES;
				IPHONEOS_DEPLOYMENT_TARGET = 17.2;
				LOCALIZATION_PREFERS_STRING_CATALOGS = YES;
				MTL_ENABLE_DEBUG_INFO = NO;
				MTL_FAST_MATH = YES;
				SDKROOT = iphoneos;
				SWIFT_COMPILATION_MODE = wholemodule;
				VALIDATE_PRODUCT = YES;
			};
			name = Release;
		};
		740287D62C1621D500F3788D /* Debug */ = {
			isa = XCBuildConfiguration;
			buildSettings = {
				ASSETCATALOG_COMPILER_APPICON_NAME = AppIcon;
				ASSETCATALOG_COMPILER_GLOBAL_ACCENT_COLOR_NAME = AccentColor;
				CODE_SIGN_STYLE = Automatic;
				CURRENT_PROJECT_VERSION = 1;
				GENERATE_INFOPLIST_FILE = YES;
				INFOPLIST_FILE = SkyScrapper/Info.plist;
				INFOPLIST_KEY_LSApplicationCategoryType = "";
				INFOPLIST_KEY_NSLocationWhenInUseUsageDescription = "This app needs location access to show nearby airports.\n";
				INFOPLIST_KEY_UIApplicationSupportsIndirectInputEvents = YES;
				INFOPLIST_KEY_UILaunchStoryboardName = LaunchScreen;
				INFOPLIST_KEY_UISupportedInterfaceOrientations_iPad = "UIInterfaceOrientationPortrait UIInterfaceOrientationPortraitUpsideDown UIInterfaceOrientationLandscapeLeft UIInterfaceOrientationLandscapeRight";
				INFOPLIST_KEY_UISupportedInterfaceOrientations_iPhone = "UIInterfaceOrientationPortrait UIInterfaceOrientationLandscapeLeft UIInterfaceOrientationLandscapeRight";
				LD_RUNPATH_SEARCH_PATHS = (
					"$(inherited)",
					"@executable_path/Frameworks",
				);
				MARKETING_VERSION = 1.0;
				PRODUCT_BUNDLE_IDENTIFIER = angieSkyScrapper.SkyScrapper;
				PRODUCT_NAME = "$(TARGET_NAME)";
				SWIFT_EMIT_LOC_STRINGS = YES;
				SWIFT_VERSION = 5.0;
				TARGETED_DEVICE_FAMILY = "1,2";
			};
			name = Debug;
		};
		740287D72C1621D500F3788D /* Release */ = {
			isa = XCBuildConfiguration;
			buildSettings = {
				ASSETCATALOG_COMPILER_APPICON_NAME = AppIcon;
				ASSETCATALOG_COMPILER_GLOBAL_ACCENT_COLOR_NAME = AccentColor;
				CODE_SIGN_STYLE = Automatic;
				CURRENT_PROJECT_VERSION = 1;
				GENERATE_INFOPLIST_FILE = YES;
				INFOPLIST_FILE = SkyScrapper/Info.plist;
				INFOPLIST_KEY_LSApplicationCategoryType = "";
				INFOPLIST_KEY_NSLocationWhenInUseUsageDescription = "This app needs location access to show nearby airports.\n";
				INFOPLIST_KEY_UIApplicationSupportsIndirectInputEvents = YES;
				INFOPLIST_KEY_UILaunchStoryboardName = LaunchScreen;
				INFOPLIST_KEY_UISupportedInterfaceOrientations_iPad = "UIInterfaceOrientationPortrait UIInterfaceOrientationPortraitUpsideDown UIInterfaceOrientationLandscapeLeft UIInterfaceOrientationLandscapeRight";
				INFOPLIST_KEY_UISupportedInterfaceOrientations_iPhone = "UIInterfaceOrientationPortrait UIInterfaceOrientationLandscapeLeft UIInterfaceOrientationLandscapeRight";
				LD_RUNPATH_SEARCH_PATHS = (
					"$(inherited)",
					"@executable_path/Frameworks",
				);
				MARKETING_VERSION = 1.0;
				PRODUCT_BUNDLE_IDENTIFIER = angieSkyScrapper.SkyScrapper;
				PRODUCT_NAME = "$(TARGET_NAME)";
				SWIFT_EMIT_LOC_STRINGS = YES;
				SWIFT_VERSION = 5.0;
				TARGETED_DEVICE_FAMILY = "1,2";
			};
			name = Release;
		};
		740287D92C1621D500F3788D /* Debug */ = {
			isa = XCBuildConfiguration;
			buildSettings = {
				ALWAYS_EMBED_SWIFT_STANDARD_LIBRARIES = YES;
				BUNDLE_LOADER = "$(TEST_HOST)";
				CODE_SIGN_STYLE = Automatic;
				CURRENT_PROJECT_VERSION = 1;
				GENERATE_INFOPLIST_FILE = YES;
				IPHONEOS_DEPLOYMENT_TARGET = 17.2;
				MARKETING_VERSION = 1.0;
				PRODUCT_BUNDLE_IDENTIFIER = angieSkyScrapper.SkyScrapperTests;
				PRODUCT_NAME = "$(TARGET_NAME)";
				SWIFT_EMIT_LOC_STRINGS = NO;
				SWIFT_VERSION = 5.0;
				TARGETED_DEVICE_FAMILY = "1,2";
				TEST_HOST = "$(BUILT_PRODUCTS_DIR)/SkyScrapper.app/$(BUNDLE_EXECUTABLE_FOLDER_PATH)/SkyScrapper";
			};
			name = Debug;
		};
		740287DA2C1621D500F3788D /* Release */ = {
			isa = XCBuildConfiguration;
			buildSettings = {
				ALWAYS_EMBED_SWIFT_STANDARD_LIBRARIES = YES;
				BUNDLE_LOADER = "$(TEST_HOST)";
				CODE_SIGN_STYLE = Automatic;
				CURRENT_PROJECT_VERSION = 1;
				GENERATE_INFOPLIST_FILE = YES;
				IPHONEOS_DEPLOYMENT_TARGET = 17.2;
				MARKETING_VERSION = 1.0;
				PRODUCT_BUNDLE_IDENTIFIER = angieSkyScrapper.SkyScrapperTests;
				PRODUCT_NAME = "$(TARGET_NAME)";
				SWIFT_EMIT_LOC_STRINGS = NO;
				SWIFT_VERSION = 5.0;
				TARGETED_DEVICE_FAMILY = "1,2";
				TEST_HOST = "$(BUILT_PRODUCTS_DIR)/SkyScrapper.app/$(BUNDLE_EXECUTABLE_FOLDER_PATH)/SkyScrapper";
			};
			name = Release;
		};
		740287DC2C1621D500F3788D /* Debug */ = {
			isa = XCBuildConfiguration;
			buildSettings = {
				ALWAYS_EMBED_SWIFT_STANDARD_LIBRARIES = YES;
				CODE_SIGN_STYLE = Automatic;
				CURRENT_PROJECT_VERSION = 1;
				GENERATE_INFOPLIST_FILE = YES;
				MARKETING_VERSION = 1.0;
				PRODUCT_BUNDLE_IDENTIFIER = angieSkyScrapper.SkyScrapperUITests;
				PRODUCT_NAME = "$(TARGET_NAME)";
				SWIFT_EMIT_LOC_STRINGS = NO;
				SWIFT_VERSION = 5.0;
				TARGETED_DEVICE_FAMILY = "1,2";
				TEST_TARGET_NAME = SkyScrapper;
			};
			name = Debug;
		};
		740287DD2C1621D500F3788D /* Release */ = {
			isa = XCBuildConfiguration;
			buildSettings = {
				ALWAYS_EMBED_SWIFT_STANDARD_LIBRARIES = YES;
				CODE_SIGN_STYLE = Automatic;
				CURRENT_PROJECT_VERSION = 1;
				GENERATE_INFOPLIST_FILE = YES;
				MARKETING_VERSION = 1.0;
				PRODUCT_BUNDLE_IDENTIFIER = angieSkyScrapper.SkyScrapperUITests;
				PRODUCT_NAME = "$(TARGET_NAME)";
				SWIFT_EMIT_LOC_STRINGS = NO;
				SWIFT_VERSION = 5.0;
				TARGETED_DEVICE_FAMILY = "1,2";
				TEST_TARGET_NAME = SkyScrapper;
			};
			name = Release;
		};
/* End XCBuildConfiguration section */

/* Begin XCConfigurationList section */
		740287A62C1621D400F3788D /* Build configuration list for PBXProject "SkyScrapper" */ = {
			isa = XCConfigurationList;
			buildConfigurations = (
				740287D32C1621D500F3788D /* Debug */,
				740287D42C1621D500F3788D /* Release */,
			);
			defaultConfigurationIsVisible = 0;
			defaultConfigurationName = Release;
		};
		740287D52C1621D500F3788D /* Build configuration list for PBXNativeTarget "SkyScrapper" */ = {
			isa = XCConfigurationList;
			buildConfigurations = (
				740287D62C1621D500F3788D /* Debug */,
				740287D72C1621D500F3788D /* Release */,
			);
			defaultConfigurationIsVisible = 0;
			defaultConfigurationName = Release;
		};
		740287D82C1621D500F3788D /* Build configuration list for PBXNativeTarget "SkyScrapperTests" */ = {
			isa = XCConfigurationList;
			buildConfigurations = (
				740287D92C1621D500F3788D /* Debug */,
				740287DA2C1621D500F3788D /* Release */,
			);
			defaultConfigurationIsVisible = 0;
			defaultConfigurationName = Release;
		};
		740287DB2C1621D500F3788D /* Build configuration list for PBXNativeTarget "SkyScrapperUITests" */ = {
			isa = XCConfigurationList;
			buildConfigurations = (
				740287DC2C1621D500F3788D /* Debug */,
				740287DD2C1621D500F3788D /* Release */,
			);
			defaultConfigurationIsVisible = 0;
			defaultConfigurationName = Release;
		};
/* End XCConfigurationList section */
	};
	rootObject = 740287A32C1621D400F3788D /* Project object */;
}
